
Microsoft Visual Studio Solution File, Format Version 12.00
# Visual Studio Version 16
VisualStudioVersion = 16.0.33328.57
MinimumVisualStudioVersion = 10.0.40219.1
Project("{FAE04EC0-301F-11D3-BF4B-00C04F79EFBC}") = "win3tread", "win3tread.csproj", "{6E880B75-9E49-4E8B-9CF6-5860917FC90E}"
EndProject
Global
	GlobalSection(SolutionConfigurationPlatforms) = preSolution
		Debug|Any CPU = Debug|Any CPU
		Release|Any CPU = Release|Any CPU
	EndGlobalSection
	GlobalSection(ProjectConfigurationPlatforms) = postSolution
		{6E880B75-9E49-4E8B-9CF6-5860917FC90E}.Debug|Any CPU.ActiveCfg = Debug|Any CPU
		{6E880B75-9E49-4E8B-9CF6-5860917FC90E}.Debug|Any CPU.Build.0 = Debug|Any CPU
		{6E880B75-9E49-4E8B-9CF6-5860917FC90E}.Release|Any CPU.ActiveCfg = Release|Any CPU
		{6E880B75-9E49-4E8B-9CF6-5860917FC90E}.Release|Any CPU.Build.0 = Release|Any CPU
	EndGlobalSection
	GlobalSection(SolutionProperties) = preSolution
		HideSolutionNode = FALSE
	EndGlobalSection
	GlobalSection(ExtensibilityGlobals) = postSolution
		SolutionGuid = {89060E18-49FB-4225-AB05-FB49FB56D75D}
	EndGlobalSection
EndGlobal
